
Microsoft Visual Studio Solution File, Format Version 12.00
# Visual Studio Version 17
VisualStudioVersion = 17.7.34031.279
MinimumVisualStudioVersion = 10.0.40219.1
Project("{9A19103F-16F7-4668-BE54-9A1E7A4F7556}") = "BlazorServer", "BlazorServer.csproj", "{B93D7952-4394-474E-B3B3-6115F33B1193}"
EndProject
Global
	GlobalSection(SolutionConfigurationPlatforms) = preSolution
		Debug|Any CPU = Debug|Any CPU
		Release|Any CPU = Release|Any CPU
	EndGlobalSection
	GlobalSection(ProjectConfigurationPlatforms) = postSolution
		{B93D7952-4394-474E-B3B3-6115F33B1193}.Debug|Any CPU.ActiveCfg = Debug|Any CPU
		{B93D7952-4394-474E-B3B3-6115F33B1193}.Debug|Any CPU.Build.0 = Debug|Any CPU
		{B93D7952-4394-474E-B3B3-6115F33B1193}.Release|Any CPU.ActiveCfg = Release|Any CPU
		{B93D7952-4394-474E-B3B3-6115F33B1193}.Release|Any CPU.Build.0 = Release|Any CPU
	EndGlobalSection
	GlobalSection(SolutionProperties) = preSolution
		HideSolutionNode = FALSE
	EndGlobalSection
	GlobalSection(ExtensibilityGlobals) = postSolution
		SolutionGuid = {D7BA7847-5C5C-40A3-BE2F-FE50112738D8}
	EndGlobalSection
EndGlobal
